
Microsoft Visual Studio Solution File, Format Version 12.00
# Visual Studio 14
VisualStudioVersion = 14.0.22823.1
MinimumVisualStudioVersion = 10.0.40219.1
Project("{FAE04EC0-301F-11D3-BF4B-00C04F79EFBC}") = "CG_Console", "CG_Console\CG_Console.csproj", "{4C80ED88-B04C-4A6D-AA2F-37B9B003FF3E}"
EndProject
Global
	GlobalSection(SolutionConfigurationPlatforms) = preSolution
		Debug|Any CPU = Debug|Any CPU
		Release|Any CPU = Release|Any CPU
	EndGlobalSection
	GlobalSection(ProjectConfigurationPlatforms) = postSolution
		{4C80ED88-B04C-4A6D-AA2F-37B9B003FF3E}.Debug|Any CPU.ActiveCfg = Debug|Any CPU
		{4C80ED88-B04C-4A6D-AA2F-37B9B003FF3E}.Debug|Any CPU.Build.0 = Debug|Any CPU
		{4C80ED88-B04C-4A6D-AA2F-37B9B003FF3E}.Release|Any CPU.ActiveCfg = Release|Any CPU
		{4C80ED88-B04C-4A6D-AA2F-37B9B003FF3E}.Release|Any CPU.Build.0 = Release|Any CPU
	EndGlobalSection
	GlobalSection(SolutionProperties) = preSolution
		HideSolutionNode = FALSE
	EndGlobalSection
	GlobalSection(TeamFoundationVersionControl) = preSolution
		SccNumberOfProjects = 2
		SccEnterpriseProvider = {4CA58AB2-18FA-4F8D-95D4-32DDF27D184C}
		SccTeamFoundationServer = http://rvo-tfs2015:8080/tfs/defaultcollection
		SccLocalPath0 = .
		SccProjectUniqueName1 = CG_Console\\CG_Console.csproj
		SccProjectName1 = CG_Console
		SccLocalPath1 = CG_Console
	EndGlobalSection
EndGlobal
